
Microsoft Visual Studio Solution File, Format Version 12.00
# Visual Studio Version 16
VisualStudioVersion = 16.0.29728.190
MinimumVisualStudioVersion = 10.0.40219.1
Project("{F184B08F-C81C-45F6-A57F-5ABD9991F28F}") = "ProyectoHTML1", "ProyectoHTML1\ProyectoHTML1.vbproj", "{19A99614-AC9A-46D2-942D-A654469C051D}"
EndProject
Project("{2150E333-8FDC-42A3-9474-1A3956D46DE8}") = "EjercicioHTML2", "EjercicioHTML2", "{98ABC608-B7B9-47F7-BD62-C43B2491DBE6}"
EndProject
Project("{F184B08F-C81C-45F6-A57F-5ABD9991F28F}") = "Ejercicio2HTML", "Ejercicio2HTML\Ejercicio2HTML.vbproj", "{6A3EF5BC-5921-4DCE-9F2D-00951B642DBE}"
EndProject
Project("{FAE04EC0-301F-11D3-BF4B-00C04F79EFBC}") = "demo2c chard", "demo2c chard\demo2c chard.csproj", "{25BAC5E1-2C70-4FD6-AFF3-0BF0CB0A1090}"
EndProject
Project("{2150E333-8FDC-42A3-9474-1A3956D46DE8}") = "ejerciociocomunicacionremota", "ejerciociocomunicacionremota", "{FD189197-50B1-4BD0-9A21-7333713F1589}"
EndProject
Project("{FAE04EC0-301F-11D3-BF4B-00C04F79EFBC}") = "Ejemplo2", "Ejemplo2\Ejemplo2.csproj", "{CE19087F-DBB8-4DCB-844B-F81180E7A830}"
EndProject
Project("{FAE04EC0-301F-11D3-BF4B-00C04F79EFBC}") = "Ejercicio2c", "Ejercicio2c\Ejercicio2c.csproj", "{30B17545-9044-47E9-8ECA-686CAA4CBFAB}"
EndProject
Project("{FAE04EC0-301F-11D3-BF4B-00C04F79EFBC}") = "Demo.ConsoleApp1", "Demo.ConsoleApp1\Demo.ConsoleApp1.csproj", "{72A51545-DE0C-405D-ABB3-7B88F39F13D2}"
EndProject
Global
	GlobalSection(SolutionConfigurationPlatforms) = preSolution
		Debug|Any CPU = Debug|Any CPU
		Release|Any CPU = Release|Any CPU
	EndGlobalSection
	GlobalSection(ProjectConfigurationPlatforms) = postSolution
		{19A99614-AC9A-46D2-942D-A654469C051D}.Debug|Any CPU.ActiveCfg = Debug|Any CPU
		{19A99614-AC9A-46D2-942D-A654469C051D}.Debug|Any CPU.Build.0 = Debug|Any CPU
		{19A99614-AC9A-46D2-942D-A654469C051D}.Release|Any CPU.ActiveCfg = Release|Any CPU
		{19A99614-AC9A-46D2-942D-A654469C051D}.Release|Any CPU.Build.0 = Release|Any CPU
		{6A3EF5BC-5921-4DCE-9F2D-00951B642DBE}.Debug|Any CPU.ActiveCfg = Debug|Any CPU
		{6A3EF5BC-5921-4DCE-9F2D-00951B642DBE}.Debug|Any CPU.Build.0 = Debug|Any CPU
		{6A3EF5BC-5921-4DCE-9F2D-00951B642DBE}.Release|Any CPU.ActiveCfg = Release|Any CPU
		{6A3EF5BC-5921-4DCE-9F2D-00951B642DBE}.Release|Any CPU.Build.0 = Release|Any CPU
		{25BAC5E1-2C70-4FD6-AFF3-0BF0CB0A1090}.Debug|Any CPU.ActiveCfg = Debug|Any CPU
		{25BAC5E1-2C70-4FD6-AFF3-0BF0CB0A1090}.Debug|Any CPU.Build.0 = Debug|Any CPU
		{25BAC5E1-2C70-4FD6-AFF3-0BF0CB0A1090}.Release|Any CPU.ActiveCfg = Release|Any CPU
		{25BAC5E1-2C70-4FD6-AFF3-0BF0CB0A1090}.Release|Any CPU.Build.0 = Release|Any CPU
		{CE19087F-DBB8-4DCB-844B-F81180E7A830}.Debug|Any CPU.ActiveCfg = Debug|Any CPU
		{CE19087F-DBB8-4DCB-844B-F81180E7A830}.Debug|Any CPU.Build.0 = Debug|Any CPU
		{CE19087F-DBB8-4DCB-844B-F81180E7A830}.Release|Any CPU.ActiveCfg = Release|Any CPU
		{CE19087F-DBB8-4DCB-844B-F81180E7A830}.Release|Any CPU.Build.0 = Release|Any CPU
		{30B17545-9044-47E9-8ECA-686CAA4CBFAB}.Debug|Any CPU.ActiveCfg = Debug|Any CPU
		{30B17545-9044-47E9-8ECA-686CAA4CBFAB}.Debug|Any CPU.Build.0 = Debug|Any CPU
		{30B17545-9044-47E9-8ECA-686CAA4CBFAB}.Release|Any CPU.ActiveCfg = Release|Any CPU
		{30B17545-9044-47E9-8ECA-686CAA4CBFAB}.Release|Any CPU.Build.0 = Release|Any CPU
		{72A51545-DE0C-405D-ABB3-7B88F39F13D2}.Debug|Any CPU.ActiveCfg = Debug|Any CPU
		{72A51545-DE0C-405D-ABB3-7B88F39F13D2}.Debug|Any CPU.Build.0 = Debug|Any CPU
		{72A51545-DE0C-405D-ABB3-7B88F39F13D2}.Release|Any CPU.ActiveCfg = Release|Any CPU
		{72A51545-DE0C-405D-ABB3-7B88F39F13D2}.Release|Any CPU.Build.0 = Release|Any CPU
	EndGlobalSection
	GlobalSection(SolutionProperties) = preSolution
		HideSolutionNode = FALSE
	EndGlobalSection
	GlobalSection(NestedProjects) = preSolution
		{19A99614-AC9A-46D2-942D-A654469C051D} = {98ABC608-B7B9-47F7-BD62-C43B2491DBE6}
		{6A3EF5BC-5921-4DCE-9F2D-00951B642DBE} = {98ABC608-B7B9-47F7-BD62-C43B2491DBE6}
		{25BAC5E1-2C70-4FD6-AFF3-0BF0CB0A1090} = {98ABC608-B7B9-47F7-BD62-C43B2491DBE6}
		{CE19087F-DBB8-4DCB-844B-F81180E7A830} = {FD189197-50B1-4BD0-9A21-7333713F1589}
		{30B17545-9044-47E9-8ECA-686CAA4CBFAB} = {98ABC608-B7B9-47F7-BD62-C43B2491DBE6}
		{72A51545-DE0C-405D-ABB3-7B88F39F13D2} = {98ABC608-B7B9-47F7-BD62-C43B2491DBE6}
	EndGlobalSection
	GlobalSection(ExtensibilityGlobals) = postSolution
		SolutionGuid = {71FF7014-20E7-4EF1-9367-3E4DCBCDE6C1}
	EndGlobalSection
EndGlobal
